
Microsoft Visual Studio Solution File, Format Version 12.00
# Visual Studio 15
VisualStudioVersion = 15.0.28307.705
MinimumVisualStudioVersion = 10.0.40219.1
Project("{FAE04EC0-301F-11D3-BF4B-00C04F79EFBC}") = "ConsoleApp57", "ConsoleApp57\ConsoleApp57.csproj", "{A7879842-7E88-484C-869A-6F9392F35267}"
EndProject
Global
	GlobalSection(SolutionConfigurationPlatforms) = preSolution
		Debug|Any CPU = Debug|Any CPU
		Release|Any CPU = Release|Any CPU
	EndGlobalSection
	GlobalSection(ProjectConfigurationPlatforms) = postSolution
		{A7879842-7E88-484C-869A-6F9392F35267}.Debug|Any CPU.ActiveCfg = Debug|Any CPU
		{A7879842-7E88-484C-869A-6F9392F35267}.Debug|Any CPU.Build.0 = Debug|Any CPU
		{A7879842-7E88-484C-869A-6F9392F35267}.Release|Any CPU.ActiveCfg = Release|Any CPU
		{A7879842-7E88-484C-869A-6F9392F35267}.Release|Any CPU.Build.0 = Release|Any CPU
	EndGlobalSection
	GlobalSection(SolutionProperties) = preSolution
		HideSolutionNode = FALSE
	EndGlobalSection
	GlobalSection(ExtensibilityGlobals) = postSolution
		SolutionGuid = {BDCBF8BC-DD75-4FDD-A0F0-163722872926}
	EndGlobalSection
EndGlobal
